// !$*UTF8*$!
{
	archiveVersion = 1;
	classes = {
	};
	objectVersion = 55;
	objects = {

/* Begin PBXBuildFile section */
		23EBC6DD271019A900C225D8 /* AppDelegate.swift in Sources */ = {isa = PBXBuildFile; fileRef = 23EBC6DC271019A900C225D8 /* AppDelegate.swift */; };
		23EBC6DF271019A900C225D8 /* SceneDelegate.swift in Sources */ = {isa = PBXBuildFile; fileRef = 23EBC6DE271019A900C225D8 /* SceneDelegate.swift */; };
		23EBC6E1271019A900C225D8 /* ViewController.swift in Sources */ = {isa = PBXBuildFile; fileRef = 23EBC6E0271019A900C225D8 /* ViewController.swift */; };
		23EBC6E4271019A900C225D8 /* Main.storyboard in Resources */ = {isa = PBXBuildFile; fileRef = 23EBC6E2271019A900C225D8 /* Main.storyboard */; };
		23EBC6E7271019A900C225D8 /* RegisterBloodGlucose.xcdatamodeld in Sources */ = {isa = PBXBuildFile; fileRef = 23EBC6E5271019A900C225D8 /* RegisterBloodGlucose.xcdatamodeld */; };
		23EBC6E9271019AB00C225D8 /* Assets.xcassets in Resources */ = {isa = PBXBuildFile; fileRef = 23EBC6E8271019AB00C225D8 /* Assets.xcassets */; };
		23EBC6EC271019AB00C225D8 /* LaunchScreen.storyboard in Resources */ = {isa = PBXBuildFile; fileRef = 23EBC6EA271019AB00C225D8 /* LaunchScreen.storyboard */; };
/* End PBXBuildFile section */

/* Begin PBXFileReference section */
		23EBC6D9271019A900C225D8 /* RegisterBloodGlucose.app */ = {isa = PBXFileReference; explicitFileType = wrapper.application; includeInIndex = 0; path = RegisterBloodGlucose.app; sourceTree = BUILT_PRODUCTS_DIR; };
		23EBC6DC271019A900C225D8 /* AppDelegate.swift */ = {isa = PBXFileReference; lastKnownFileType = sourcecode.swift; path = AppDelegate.swift; sourceTree = "<group>"; };
		23EBC6DE271019A900C225D8 /* SceneDelegate.swift */ = {isa = PBXFileReference; lastKnownFileType = sourcecode.swift; path = SceneDelegate.swift; sourceTree = "<group>"; };
		23EBC6E0271019A900C225D8 /* ViewController.swift */ = {isa = PBXFileReference; lastKnownFileType = sourcecode.swift; path = ViewController.swift; sourceTree = "<group>"; };
		23EBC6E3271019A900C225D8 /* Base */ = {isa = PBXFileReference; lastKnownFileType = file.storyboard; name = Base; path = Base.lproj/Main.storyboard; sourceTree = "<group>"; };
		23EBC6E6271019A900C225D8 /* RegisterBloodGlucose.xcdatamodel */ = {isa = PBXFileReference; lastKnownFileType = wrapper.xcdatamodel; path = RegisterBloodGlucose.xcdatamodel; sourceTree = "<group>"; };
		23EBC6E8271019AB00C225D8 /* Assets.xcassets */ = {isa = PBXFileReference; lastKnownFileType = folder.assetcatalog; path = Assets.xcassets; sourceTree = "<group>"; };
		23EBC6EB271019AB00C225D8 /* Base */ = {isa = PBXFileReference; lastKnownFileType = file.storyboard; name = Base; path = Base.lproj/LaunchScreen.storyboard; sourceTree = "<group>"; };
		23EBC6ED271019AB00C225D8 /* Info.plist */ = {isa = PBXFileReference; lastKnownFileType = text.plist.xml; path = Info.plist; sourceTree = "<group>"; };
/* End PBXFileReference section */

/* Begin PBXFrameworksBuildPhase section */
		23EBC6D6271019A900C225D8 /* Frameworks */ = {
			isa = PBXFrameworksBuildPhase;
			buildActionMask = 2147483647;
			files = (
			);
			runOnlyForDeploymentPostprocessing = 0;
		};
/* End PBXFrameworksBuildPhase section */

/* Begin PBXGroup section */
		23EBC6D0271019A900C225D8 = {
			isa = PBXGroup;
			children = (
				23EBC6DB271019A900C225D8 /* RegisterBloodGlucose */,
				23EBC6DA271019A900C225D8 /* Products */,
			);
			sourceTree = "<group>";
		};
		23EBC6DA271019A900C225D8 /* Products */ = {
			isa = PBXGroup;
			children = (
				23EBC6D9271019A900C225D8 /* RegisterBloodGlucose.app */,
			);
			name = Products;
			sourceTree = "<group>";
		};
		23EBC6DB271019A900C225D8 /* RegisterBloodGlucose */ = {
			isa = PBXGroup;
			children = (
				23EBC6DC271019A900C225D8 /* AppDelegate.swift */,
				23EBC6DE271019A900C225D8 /* SceneDelegate.swift */,
				23EBC6E0271019A900C225D8 /* ViewController.swift */,
				23EBC6E2271019A900C225D8 /* Main.storyboard */,
				23EBC6E8271019AB00C225D8 /* Assets.xcassets */,
				23EBC6EA271019AB00C225D8 /* LaunchScreen.storyboard */,
				23EBC6ED271019AB00C225D8 /* Info.plist */,
				23EBC6E5271019A900C225D8 /* RegisterBloodGlucose.xcdatamodeld */,
			);
			path = RegisterBloodGlucose;
			sourceTree = "<group>";
		};
/* End PBXGroup section */

/* Begin PBXNativeTarget section */
		23EBC6D8271019A900C225D8 /* RegisterBloodGlucose */ = {
			isa = PBXNativeTarget;
			buildConfigurationList = 23EBC6F0271019AB00C225D8 /* Build configuration list for PBXNativeTarget "RegisterBloodGlucose" */;
			buildPhases = (
				23EBC6D5271019A900C225D8 /* Sources */,
				23EBC6D6271019A900C225D8 /* Frameworks */,
				23EBC6D7271019A900C225D8 /* Resources */,
			);
			buildRules = (
			);
			dependencies = (
			);
			name = RegisterBloodGlucose;
			productName = RegisterBloodGlucose;
			productReference = 23EBC6D9271019A900C225D8 /* RegisterBloodGlucose.app */;
			productType = "com.apple.product-type.application";
		};
/* End PBXNativeTarget section */

/* Begin PBXProject section */
		23EBC6D1271019A900C225D8 /* Project object */ = {
			isa = PBXProject;
			attributes = {
				BuildIndependentTargetsInParallel = 1;
				LastSwiftUpdateCheck = 1300;
				LastUpgradeCheck = 1300;
				TargetAttributes = {
					23EBC6D8271019A900C225D8 = {
						CreatedOnToolsVersion = 13.0;
					};
				};
			};
			buildConfigurationList = 23EBC6D4271019A900C225D8 /* Build configuration list for PBXProject "RegisterBloodGlucose" */;
			compatibilityVersion = "Xcode 13.0";
			developmentRegion = en;
			hasScannedForEncodings = 0;
			knownRegions = (
				en,
				Base,
			);
			mainGroup = 23EBC6D0271019A900C225D8;
			productRefGroup = 23EBC6DA271019A900C225D8 /* Products */;
			projectDirPath = "";
			projectRoot = "";
			targets = (
				23EBC6D8271019A900C225D8 /* RegisterBloodGlucose */,
			);
		};
/* End PBXProject section */

/* Begin PBXResourcesBuildPhase section */
		23EBC6D7271019A900C225D8 /* Resources */ = {
			isa = PBXResourcesBuildPhase;
			buildActionMask = 2147483647;
			files = (
				23EBC6EC271019AB00C225D8 /* LaunchScreen.storyboard in Resources */,
				23EBC6E9271019AB00C225D8 /* Assets.xcassets in Resources */,
				23EBC6E4271019A900C225D8 /* Main.storyboard in Resources */,
			);
			runOnlyForDeploymentPostprocessing = 0;
		};
/* End PBXResourcesBuildPhase section */

/* Begin PBXSourcesBuildPhase section */
		23EBC6D5271019A900C225D8 /* Sources */ = {
			isa = PBXSourcesBuildPhase;
			buildActionMask = 2147483647;
			files = (
				23EBC6E7271019A900C225D8 /* RegisterBloodGlucose.xcdatamodeld in Sources */,
				23EBC6E1271019A900C225D8 /* ViewController.swift in Sources */,
				23EBC6DD271019A900C225D8 /* AppDelegate.swift in Sources */,
				23EBC6DF271019A900C225D8 /* SceneDelegate.swift in Sources */,
			);
			runOnlyForDeploymentPostprocessing = 0;
		};
/* End PBXSourcesBuildPhase section */

/* Begin PBXVariantGroup section */
		23EBC6E2271019A900C225D8 /* Main.storyboard */ = {
			isa = PBXVariantGroup;
			children = (
				23EBC6E3271019A900C225D8 /* Base */,
			);
			name = Main.storyboard;
			sourceTree = "<group>";
		};
		23EBC6EA271019AB00C225D8 /* LaunchScreen.storyboard */ = {
			isa = PBXVariantGroup;
			children = (
				23EBC6EB271019AB00C225D8 /* Base */,
			);
			name = LaunchScreen.storyboard;
			sourceTree = "<group>";
		};
/* End PBXVariantGroup section */

/* Begin XCBuildConfiguration section */
		23EBC6EE271019AB00C225D8 /* Debug */ = {
			isa = XCBuildConfiguration;
			buildSettings = {
				ALWAYS_SEARCH_USER_PATHS = NO;
				CLANG_ANALYZER_NONNULL = YES;
				CLANG_ANALYZER_NUMBER_OBJECT_CONVERSION = YES_AGGRESSIVE;
				CLANG_CXX_LANGUAGE_STANDARD = "gnu++17";
				CLANG_CXX_LIBRARY = "libc++";
				CLANG_ENABLE_MODULES = YES;
				CLANG_ENABLE_OBJC_ARC = YES;
				CLANG_ENABLE_OBJC_WEAK = YES;
				CLANG_WARN_BLOCK_CAPTURE_AUTORELEASING = YES;
				CLANG_WARN_BOOL_CONVERSION = YES;
				CLANG_WARN_COMMA = YES;
				CLANG_WARN_CONSTANT_CONVERSION = YES;
				CLANG_WARN_DEPRECATED_OBJC_IMPLEMENTATIONS = YES;
				CLANG_WARN_DIRECT_OBJC_ISA_USAGE = YES_ERROR;
				CLANG_WARN_DOCUMENTATION_COMMENTS = YES;
				CLANG_WARN_EMPTY_BODY = YES;
				CLANG_WARN_ENUM_CONVERSION = YES;
				CLANG_WARN_INFINITE_RECURSION = YES;
				CLANG_WARN_INT_CONVERSION = YES;
				CLANG_WARN_NON_LITERAL_NULL_CONVERSION = YES;
				CLANG_WARN_OBJC_IMPLICIT_RETAIN_SELF = YES;
				CLANG_WARN_OBJC_LITERAL_CONVERSION = YES;
				CLANG_WARN_OBJC_ROOT_CLASS = YES_ERROR;
				CLANG_WARN_QUOTED_INCLUDE_IN_FRAMEWORK_HEADER = YES;
				CLANG_WARN_RANGE_LOOP_ANALYSIS = YES;
				CLANG_WARN_STRICT_PROTOTYPES = YES;
				CLANG_WARN_SUSPICIOUS_MOVE = YES;
				CLANG_WARN_UNGUARDED_AVAILABILITY = YES_AGGRESSIVE;
				CLANG_WARN_UNREACHABLE_CODE = YES;
				CLANG_WARN__DUPLICATE_METHOD_MATCH = YES;
				COPY_PHASE_STRIP = NO;
				DEBUG_INFORMATION_FORMAT = dwarf;
				ENABLE_STRICT_OBJC_MSGSEND = YES;
				ENABLE_TESTABILITY = YES;
				GCC_C_LANGUAGE_STANDARD = gnu11;
				GCC_DYNAMIC_NO_PIC = NO;
				GCC_NO_COMMON_BLOCKS = YES;
				GCC_OPTIMIZATION_LEVEL = 0;
				GCC_PREPROCESSOR_DEFINITIONS = (
					"DEBUG=1",
					"$(inherited)",
				);
				GCC_WARN_64_TO_32_BIT_CONVERSION = YES;
				GCC_WARN_ABOUT_RETURN_TYPE = YES_ERROR;
				GCC_WARN_UNDECLARED_SELECTOR = YES;
				GCC_WARN_UNINITIALIZED_AUTOS = YES_AGGRESSIVE;
				GCC_WARN_UNUSED_FUNCTION = YES;
				GCC_WARN_UNUSED_VARIABLE = YES;
				IPHONEOS_DEPLOYMENT_TARGET = 15.0;
				MTL_ENABLE_DEBUG_INFO = INCLUDE_SOURCE;
				MTL_FAST_MATH = YES;
				ONLY_ACTIVE_ARCH = YES;
				SDKROOT = iphoneos;
				SWIFT_ACTIVE_COMPILATION_CONDITIONS = DEBUG;
				SWIFT_OPTIMIZATION_LEVEL = "-Onone";
			};
			name = Debug;
		};
		23EBC6EF271019AB00C225D8 /* Release */ = {
			isa = XCBuildConfiguration;
			buildSettings = {
				ALWAYS_SEARCH_USER_PATHS = NO;
				CLANG_ANALYZER_NONNULL = YES;
				CLANG_ANALYZER_NUMBER_OBJECT_CONVERSION = YES_AGGRESSIVE;
				CLANG_CXX_LANGUAGE_STANDARD = "gnu++17";
				CLANG_CXX_LIBRARY = "libc++";
				CLANG_ENABLE_MODULES = YES;
				CLANG_ENABLE_OBJC_ARC = YES;
				CLANG_ENABLE_OBJC_WEAK = YES;
				CLANG_WARN_BLOCK_CAPTURE_AUTORELEASING = YES;
				CLANG_WARN_BOOL_CONVERSION = YES;
				CLANG_WARN_COMMA = YES;
				CLANG_WARN_CONSTANT_CONVERSION = YES;
				CLANG_WARN_DEPRECATED_OBJC_IMPLEMENTATIONS = YES;
				CLANG_WARN_DIRECT_OBJC_ISA_USAGE = YES_ERROR;
				CLANG_WARN_DOCUMENTATION_COMMENTS = YES;
				CLANG_WARN_EMPTY_BODY = YES;
				CLANG_WARN_ENUM_CONVERSION = YES;
				CLANG_WARN_INFINITE_RECURSION = YES;
				CLANG_WARN_INT_CONVERSION = YES;
				CLANG_WARN_NON_LITERAL_NULL_CONVERSION = YES;
				CLANG_WARN_OBJC_IMPLICIT_RETAIN_SELF = YES;
				CLANG_WARN_OBJC_LITERAL_CONVERSION = YES;
				CLANG_WARN_OBJC_ROOT_CLASS = YES_ERROR;
				CLANG_WARN_QUOTED_INCLUDE_IN_FRAMEWORK_HEADER = YES;
				CLANG_WARN_RANGE_LOOP_ANALYSIS = YES;
				CLANG_WARN_STRICT_PROTOTYPES = YES;
				CLANG_WARN_SUSPICIOUS_MOVE = YES;
				CLANG_WARN_UNGUARDED_AVAILABILITY = YES_AGGRESSIVE;
				CLANG_WARN_UNREACHABLE_CODE = YES;
				CLANG_WARN__DUPLICATE_METHOD_MATCH = YES;
				COPY_PHASE_STRIP = NO;
				DEBUG_INFORMATION_FORMAT = "dwarf-with-dsym";
				ENABLE_NS_ASSERTIONS = NO;
				ENABLE_STRICT_OBJC_MSGSEND = YES;
				GCC_C_LANGUAGE_STANDARD = gnu11;
				GCC_NO_COMMON_BLOCKS = YES;
				GCC_WARN_64_TO_32_BIT_CONVERSION = YES;
				GCC_WARN_ABOUT_RETURN_TYPE = YES_ERROR;
				GCC_WARN_UNDECLARED_SELECTOR = YES;
				GCC_WARN_UNINITIALIZED_AUTOS = YES_AGGRESSIVE;
				GCC_WARN_UNUSED_FUNCTION = YES;
				GCC_WARN_UNUSED_VARIABLE = YES;
				IPHONEOS_DEPLOYMENT_TARGET = 15.0;
				MTL_ENABLE_DEBUG_INFO = NO;
				MTL_FAST_MATH = YES;
				SDKROOT = iphoneos;
				SWIFT_COMPILATION_MODE = wholemodule;
				SWIFT_OPTIMIZATION_LEVEL = "-O";
				VALIDATE_PRODUCT = YES;
			};
			name = Release;
		};
		23EBC6F1271019AB00C225D8 /* Debug */ = {
			isa = XCBuildConfiguration;
			buildSettings = {
				ASSETCATALOG_COMPILER_APPICON_NAME = AppIcon;
				ASSETCATALOG_COMPILER_GLOBAL_ACCENT_COLOR_NAME = AccentColor;
				CODE_SIGN_STYLE = Automatic;
				CURRENT_PROJECT_VERSION = 1;
				DEVELOPMENT_TEAM = 272983AP33;
				GENERATE_INFOPLIST_FILE = YES;
				INFOPLIST_FILE = RegisterBloodGlucose/Info.plist;
				INFOPLIST_KEY_UIApplicationSupportsIndirectInputEvents = YES;
				INFOPLIST_KEY_UILaunchStoryboardName = LaunchScreen;
				INFOPLIST_KEY_UIMainStoryboardFile = Main;
				INFOPLIST_KEY_UISupportedInterfaceOrientations = UIInterfaceOrientationPortrait;
				INFOPLIST_KEY_UISupportedInterfaceOrientations_iPad = "UIInterfaceOrientationPortrait UIInterfaceOrientationPortraitUpsideDown UIInterfaceOrientationLandscapeLeft UIInterfaceOrientationLandscapeRight";
				INFOPLIST_KEY_UISupportedInterfaceOrientations_iPhone = "UIInterfaceOrientationPortrait UIInterfaceOrientationLandscapeLeft UIInterfaceOrientationLandscapeRight";
				LD_RUNPATH_SEARCH_PATHS = (
					"$(inherited)",
					"@executable_path/Frameworks",
				);
				MARKETING_VERSION = 1.0;
				PRODUCT_BUNDLE_IDENTIFIER = com.igorsilva.RegisterBloodGlucose;
				PRODUCT_NAME = "$(TARGET_NAME)";
				SWIFT_EMIT_LOC_STRINGS = YES;
				SWIFT_VERSION = 5.0;
				TARGETED_DEVICE_FAMILY = "1,2";
			};
			name = Debug;
		};
		23EBC6F2271019AB00C225D8 /* Release */ = {
			isa = XCBuildConfiguration;
			buildSettings = {
				ASSETCATALOG_COMPILER_APPICON_NAME = AppIcon;
				ASSETCATALOG_COMPILER_GLOBAL_ACCENT_COLOR_NAME = AccentColor;
				CODE_SIGN_STYLE = Automatic;
				CURRENT_PROJECT_VERSION = 1;
				DEVELOPMENT_TEAM = 272983AP33;
				GENERATE_INFOPLIST_FILE = YES;
				INFOPLIST_FILE = RegisterBloodGlucose/Info.plist;
				INFOPLIST_KEY_UIApplicationSupportsIndirectInputEvents = YES;
				INFOPLIST_KEY_UILaunchStoryboardName = LaunchScreen;
				INFOPLIST_KEY_UIMainStoryboardFile = Main;
				INFOPLIST_KEY_UISupportedInterfaceOrientations = UIInterfaceOrientationPortrait;
				INFOPLIST_KEY_UISupportedInterfaceOrientations_iPad = "UIInterfaceOrientationPortrait UIInterfaceOrientationPortraitUpsideDown UIInterfaceOrientationLandscapeLeft UIInterfaceOrientationLandscapeRight";
				INFOPLIST_KEY_UISupportedInterfaceOrientations_iPhone = "UIInterfaceOrientationPortrait UIInterfaceOrientationLandscapeLeft UIInterfaceOrientationLandscapeRight";
				LD_RUNPATH_SEARCH_PATHS = (
					"$(inherited)",
					"@executable_path/Frameworks",
				);
				MARKETING_VERSION = 1.0;
				PRODUCT_BUNDLE_IDENTIFIER = com.igorsilva.RegisterBloodGlucose;
				PRODUCT_NAME = "$(TARGET_NAME)";
				SWIFT_EMIT_LOC_STRINGS = YES;
				SWIFT_VERSION = 5.0;
				TARGETED_DEVICE_FAMILY = "1,2";
			};
			name = Release;
		};
/* End XCBuildConfiguration section */

/* Begin XCConfigurationList section */
		23EBC6D4271019A900C225D8 /* Build configuration list for PBXProject "RegisterBloodGlucose" */ = {
			isa = XCConfigurationList;
			buildConfigurations = (
				23EBC6EE271019AB00C225D8 /* Debug */,
				23EBC6EF271019AB00C225D8 /* Release */,
			);
			defaultConfigurationIsVisible = 0;
			defaultConfigurationName = Release;
		};
		23EBC6F0271019AB00C225D8 /* Build configuration list for PBXNativeTarget "RegisterBloodGlucose" */ = {
			isa = XCConfigurationList;
			buildConfigurations = (
				23EBC6F1271019AB00C225D8 /* Debug */,
				23EBC6F2271019AB00C225D8 /* Release */,
			);
			defaultConfigurationIsVisible = 0;
			defaultConfigurationName = Release;
		};
/* End XCConfigurationList section */

/* Begin XCVersionGroup section */
		23EBC6E5271019A900C225D8 /* RegisterBloodGlucose.xcdatamodeld */ = {
			isa = XCVersionGroup;
			children = (
				23EBC6E6271019A900C225D8 /* RegisterBloodGlucose.xcdatamodel */,
			);
			currentVersion = 23EBC6E6271019A900C225D8 /* RegisterBloodGlucose.xcdatamodel */;
			path = RegisterBloodGlucose.xcdatamodeld;
			sourceTree = "<group>";
			versionGroupType = wrapper.xcdatamodel;
		};
/* End XCVersionGroup section */
	};
	rootObject = 23EBC6D1271019A900C225D8 /* Project object */;
}
